# THIS IS AN AUTOGENERATED FILE. DO NOT EDIT THIS FILE DIRECTLY.
# yarn lockfile v1


"@typescript/typescript-darwin-arm64@7.1.0-dev.20260928.1":
  version "7.1.0-dev.20260928.1"
  resolved "https://registry.npmjs.org/@typescript/typescript-darwin-arm64/-/typescript-darwin-arm64-7.1.0-dev.20260928.1.tgz#df1e30641d78d9f0bb84da64476e1d980a043795"
  integrity sha512-TMMjUWIAXhmoRMqSH1gfqxPJ7bUhJVFNyQgdTOEUCh8ope9NTujGQvN7paIKjICl+ByND8p79X5CMejK/z0Ybg==

"@typescript/typescript-darwin-x64@7.1.0-dev.20260928.1":
  version "7.1.0-dev.20260928.1"
  resolved "https://registry.npmjs.org/@typescript/typescript-darwin-x64/-/typescript-darwin-x64-7.1.0-dev.20260928.1.tgz#f7a98bb28531b6fb90d4997d273fdce560aeb6f0"
  integrity sha512-D05hPvjd4RKgsGy1ENXanDy01V8oUpKmRK/wpVFEFaWvZbswRUPscNqL5cyUGyQaHPupclTDKCHK1NZjpLeKGw==

"@typescript/typescript-linux-arm64@7.1.0-dev.20260928.1":
  version "7.1.0-dev.20260928.1"
  resolved "https://registry.npmjs.org/@typescript/typescript-linux-arm64/-/typescript-linux-arm64-7.1.0-dev.20260928.1.tgz#7a9c0bca8d60014c6be700eaef7aaa069319364b"
  integrity sha512-/DBf6GYUWxlR8F3MwGe31Ng7udoyT1mMDus0qvZgzqXZFy9xHLvZ6ID1grYZnx91HhpZc5iQxi2xHVVPENPN5g==

"@typescript/typescript-linux-arm@7.1.0-dev.20260928.1":
  version "7.1.0-dev.20260928.1"
  resolved "https://registry.npmjs.org/@typescript/typescript-linux-arm/-/typescript-linux-arm-7.1.0-dev.20260928.1.tgz#d0f296a29de8b37aa42de9de231d5217df3013e7"
  integrity sha512-bVfLYRAZZtcIp4iW5i+OVzQSi7gC/jaytpX3xqlHVAD91fcLWfAki6GdHD8jpOBFFlHgedidXxAcq0pmaxChUA==

"@typescript/typescript-linux-x64@7.1.0-dev.20260928.1":
  version "7.1.0-dev.20260928.1"
  resolved "https://registry.npmjs.org/@typescript/typescript-linux-x64/-/typescript-linux-x64-7.1.0-dev.20260928.1.tgz#94692c5abb72ed033c6f37874e59a8dec620f990"
  integrity sha512-aURCjT15k41CKK0+rBGHptWXt+pzwzsgUpiQ8GBWIwUGTt3Q7VnKkMZQQz0WRNUKTqfsSfzmlXW59bTBJtN41Q==

"@typescript/typescript-win32-arm64@7.1.0-dev.20260928.1":
  version "7.1.0-dev.20260928.1"
  resolved "https://registry.npmjs.org/@typescript/typescript-win32-arm64/-/typescript-win32-arm64-7.1.0-dev.20260928.1.tgz#a3d561ec5da898139c944e46f124c42ce88c0641"
  integrity sha512-gGxrmc4siRkJS+wBEan3eIO9u4B32P3/LZ+FMFesrBu1uhLWOXH6cJHIDgl6o76bO1WF8nYyztU7fML5ORdm/Q==

"@typescript/typescript-win32-x64@7.1.0-dev.20260928.1":
  version "7.1.0-dev.20260928.1"
  resolved "https://registry.npmjs.org/@typescript/typescript-win32-x64/-/typescript-win32-x64-7.1.0-dev.20260928.1.tgz#c5f7ba333d46060b6b6078baba0d186cc6738596"
  integrity sha512-BtJJH8zJNTbmWjJBq2Hw0aIxfp9F4vAxowHIamsPxUv1A9UPqLA0Svv2lkgdOFn3iS012jD9Sg1HEDPCsdmEiA==

"typescript-next@npm:typescript@7.1.0-dev.20260928.1":
  version "7.1.0-dev.20260928.1"
  resolved "https://registry.npmjs.org/typescript/-/typescript-7.1.0-dev.20260928.1.tgz#3d6eceb701f3be36c89fba92a2cdbc7256a0495c"
  integrity sha512-bDfOpXe7YSY2wxsqPO1DIpZZlaNrVPf7V03fkkec24GAhH1CXH+jAm8uy0Du3YyYqjwo2TcQeQZPDqVwtFcdvQ==
  optionalDependencies:
    "@typescript/typescript-darwin-arm64" "7.1.0-dev.20260928.1"
    "@typescript/typescript-darwin-x64" "7.1.0-dev.20260928.1"
    "@typescript/typescript-linux-arm" "7.1.0-dev.20260928.1"
    "@typescript/typescript-linux-arm64" "7.1.0-dev.20260928.1"
    "@typescript/typescript-linux-x64" "7.1.0-dev.20260928.1"
    "@typescript/typescript-win32-arm64" "7.1.0-dev.20260928.1"
    "@typescript/typescript-win32-x64" "7.1.0-dev.20260928.1"
